<?xml version="1.0" encoding="UTF-8"?>
<CONFIG>
  <ProjectOptions>
    <Version Value="11"/>
    <PathDelim Value="\"/>
    <General>
      <SessionStorage Value="InProjectDir"/>
      <MainUnit Value="0"/>
      <Title Value="SVGViewer"/>
      <Scaled Value="True"/>
      <ResourceType Value="res"/>
      <UseXPManifest Value="True"/>
      <XPManifest>
        <DpiAware Value="True/PM"/>
      </XPManifest>
      <Icon Value="0"/>
    </General>
    <BuildModes Count="3">
      <Item1 Name="Default" Default="True"/>
      <Item2 Name="Debug">
        <CompilerOptions>
          <Version Value="11"/>
          <PathDelim Value="\"/>
          <Target>
            <Filename Value="SVGViewer"/>
          </Target>
          <SearchPaths>
            <IncludeFiles Value="$(ProjOutDir);..\..\Common\Fpc\inc;..\..\..\..\..\graphics32-master\Source;..\..\..\..\graphics32-master\Source;..\..\..\..\..\bgrabitmap-9.9.4\bgrabitmap;..\..\..\..\..\bgrabitmap-master\bgrabitmap;..\..\Common\Fpc\generics\inc"/>
            <OtherUnitFiles Value="..\..\Common;..\..\Common\Fpc;..\..\Common\Fpc\generics;..\..\..\..\..\graphics32-master\Source;..\..\Common\Platform;..\..\..\..\graphics32-master\Source;..\..\..\..\..\AggPasMod\Source;..\..\..\..\..\AggPasMod\Source\Platform;..\Demo common;..\..\..\..\..\bgrabitmap-9.9.4\bgrabitmap;..\..\..\..\..\bgrabitmap-master\bgrabitmap;..\..\..\..\bgrabitmap-10.4\bgrabitmap;..\..\PrintPreview\Common;..\..\PrintPreview\Fpc"/>
            <UnitOutputDirectory Value="lib\$(TargetCPU)-$(TargetOS)"/>
          </SearchPaths>
          <Parsing>
            <SyntaxOptions>
              <IncludeAssertionCode Value="True"/>
            </SyntaxOptions>
          </Parsing>
          <CodeGeneration>
            <Checks>
              <IOChecks Value="True"/>
              <RangeChecks Value="True"/>
              <OverflowChecks Value="True"/>
              <StackChecks Value="True"/>
            </Checks>
            <VerifyObjMethodCallValidity Value="True"/>
          </CodeGeneration>
          <Linking>
            <Debugging>
              <DebugInfoType Value="dsDwarf2Set"/>
              <UseHeaptrc Value="True"/>
              <TrashVariables Value="True"/>
              <UseExternalDbgSyms Value="True"/>
            </Debugging>
            <Options>
              <Win32>
                <GraphicApplication Value="True"/>
              </Win32>
            </Options>
          </Linking>
        </CompilerOptions>
      </Item2>
      <Item3 Name="Release">
        <CompilerOptions>
          <Version Value="11"/>
          <PathDelim Value="\"/>
          <Target>
            <Filename Value="SVGViewer"/>
          </Target>
          <SearchPaths>
            <IncludeFiles Value="$(ProjOutDir);..\..\Common\Fpc\inc;..\..\..\..\..\graphics32-master\Source;..\..\..\..\graphics32-master\Source;..\..\..\..\..\bgrabitmap-9.9.4\bgrabitmap;..\..\..\..\..\bgrabitmap-master\bgrabitmap;..\..\Common\Fpc\generics\inc"/>
            <OtherUnitFiles Value="..\..\Common;..\..\Common\Fpc;..\..\Common\Fpc\generics;..\..\..\..\..\graphics32-master\Source;..\..\Common\Platform;..\..\..\..\graphics32-master\Source;..\..\..\..\..\AggPasMod\Source;..\..\..\..\..\AggPasMod\Source\Platform;..\Demo common;..\..\..\..\..\bgrabitmap-9.9.4\bgrabitmap;..\..\..\..\..\bgrabitmap-master\bgrabitmap;..\..\..\..\bgrabitmap-10.4\bgrabitmap;..\..\PrintPreview\Common;..\..\PrintPreview\Fpc"/>
            <UnitOutputDirectory Value="lib\$(TargetCPU)-$(TargetOS)"/>
          </SearchPaths>
          <CodeGeneration>
            <SmartLinkUnit Value="True"/>
            <Optimizations>
              <OptimizationLevel Value="3"/>
            </Optimizations>
          </CodeGeneration>
          <Linking>
            <Debugging>
              <GenerateDebugInfo Value="False"/>
              <DebugInfoType Value="dsDwarf2Set"/>
            </Debugging>
            <LinkSmart Value="True"/>
            <Options>
              <Win32>
                <GraphicApplication Value="True"/>
              </Win32>
            </Options>
          </Linking>
        </CompilerOptions>
      </Item3>
    </BuildModes>
    <PublishOptions>
      <Version Value="2"/>
    </PublishOptions>
    <RunParams>
      <FormatVersion Value="2"/>
      <Modes Count="1">
        <Mode0 Name="default"/>
      </Modes>
    </RunParams>
    <RequiredPackages Count="4">
      <Item1>
        <PackageName Value="Printer4Lazarus"/>
      </Item1>
      <Item2>
        <PackageName Value="LazControlDsgn"/>
      </Item2>
      <Item3>
        <PackageName Value="SVG2Package"/>
      </Item3>
      <Item4>
        <PackageName Value="LCL"/>
      </Item4>
    </RequiredPackages>
    <Units Count="8">
      <Unit0>
        <Filename Value="SVGViewer.lpr"/>
        <IsPartOfProject Value="True"/>
      </Unit0>
      <Unit1>
        <Filename Value="unit1.pas"/>
        <IsPartOfProject Value="True"/>
        <ComponentName Value="Form1"/>
        <HasResources Value="True"/>
        <ResourceBaseClass Value="Form"/>
        <UnitName Value="Unit1"/>
      </Unit1>
      <Unit2>
        <Filename Value="..\Demo common\BVE.ViewerCore.VCL.pas"/>
        <IsPartOfProject Value="True"/>
      </Unit2>
      <Unit3>
        <Filename Value="unit2.pas"/>
        <IsPartOfProject Value="True"/>
        <ComponentName Value="Form2"/>
        <HasResources Value="True"/>
        <ResourceBaseClass Value="Form"/>
        <UnitName Value="Unit2"/>
      </Unit3>
      <Unit4>
        <Filename Value="unit3.pas"/>
        <IsPartOfProject Value="True"/>
        <ComponentName Value="Form3"/>
        <HasResources Value="True"/>
        <ResourceBaseClass Value="Form"/>
        <UnitName Value="Unit3"/>
      </Unit4>
      <Unit5>
        <Filename Value="..\..\PrintPreview\Fpc\UnitPrintPreview.pas"/>
        <IsPartOfProject Value="True"/>
        <HasResources Value="True"/>
      </Unit5>
      <Unit6>
        <Filename Value="..\..\PrintPreview\Common\BVE.SVGPrintPreviewFormVCL.pas"/>
        <IsPartOfProject Value="True"/>
      </Unit6>
      <Unit7>
        <Filename Value="..\..\PrintPreview\Common\BVE.SVGPrintPreviewVCL.pas"/>
        <IsPartOfProject Value="True"/>
      </Unit7>
    </Units>
  </ProjectOptions>
  <CompilerOptions>
    <Version Value="11"/>
    <PathDelim Value="\"/>
    <Target>
      <Filename Value="SVGViewer"/>
    </Target>
    <SearchPaths>
      <IncludeFiles Value="$(ProjOutDir);..\..\..\..\..\graphics32-master\Source;..\..\..\..\..\bgrabitmap-master\bgrabitmap;..\..\..\..\delphi-svg-control\SVGv230\Common;..\..\..\..\delphi-svg-control\SVGv230\Common\FPC"/>
      <OtherUnitFiles Value="..\Demo common;..\..\PrintPreview\Common;..\..\PrintPreview\Fpc"/>
      <UnitOutputDirectory Value="lib\$(TargetCPU)-$(TargetOS)"/>
    </SearchPaths>
    <Linking>
      <Debugging>
        <DebugInfoType Value="dsDwarf2Set"/>
      </Debugging>
      <Options>
        <Win32>
          <GraphicApplication Value="True"/>
        </Win32>
      </Options>
    </Linking>
    <Other>
      <CustomOptions Value="-dUseCThreads"/>
    </Other>
  </CompilerOptions>
  <Debugging>
    <Exceptions Count="3">
      <Item1>
        <Name Value="EAbort"/>
      </Item1>
      <Item2>
        <Name Value="ECodetoolError"/>
      </Item2>
      <Item3>
        <Name Value="EFOpenError"/>
      </Item3>
    </Exceptions>
  </Debugging>
</CONFIG>
